
Microsoft Visual Studio Solution File, Format Version 12.00
# Visual Studio Version 16
VisualStudioVersion = 16.0.30104.148
MinimumVisualStudioVersion = 10.0.40219.1
Project("{9A19103F-16F7-4668-BE54-9A1E7A4F7556}") = "GraphClient", "GraphClient.csproj", "{6853BC71-E0E1-49FA-BC04-D3A65C812C6C}"
EndProject
Global
	GlobalSection(SolutionConfigurationPlatforms) = preSolution
		Debug|Any CPU = Debug|Any CPU
		Release|Any CPU = Release|Any CPU
	EndGlobalSection
	GlobalSection(ProjectConfigurationPlatforms) = postSolution
		{6853BC71-E0E1-49FA-BC04-D3A65C812C6C}.Debug|Any CPU.ActiveCfg = Debug|Any CPU
		{6853BC71-E0E1-49FA-BC04-D3A65C812C6C}.Debug|Any CPU.Build.0 = Debug|Any CPU
		{6853BC71-E0E1-49FA-BC04-D3A65C812C6C}.Release|Any CPU.ActiveCfg = Release|Any CPU
		{6853BC71-E0E1-49FA-BC04-D3A65C812C6C}.Release|Any CPU.Build.0 = Release|Any CPU
	EndGlobalSection
	GlobalSection(SolutionProperties) = preSolution
		HideSolutionNode = FALSE
	EndGlobalSection
	GlobalSection(ExtensibilityGlobals) = postSolution
		SolutionGuid = {23E72435-4A0A-4459-A61C-5305EC55DBFA}
	EndGlobalSection
EndGlobal
