
Microsoft Visual Studio Solution File, Format Version 12.00
# Visual Studio Version 16
VisualStudioVersion = 16.0.30104.148
MinimumVisualStudioVersion = 10.0.40219.1
Project("{FAE04EC0-301F-11D3-BF4B-00C04F79EFBC}") = "AzureFunctionsDemo", "AzureFunctionsDemo\AzureFunctionsDemo.csproj", "{134A63E9-4398-4155-833F-29AA5E4EEC64}"
EndProject
Global
	GlobalSection(SolutionConfigurationPlatforms) = preSolution
		Debug|Any CPU = Debug|Any CPU
		Release|Any CPU = Release|Any CPU
	EndGlobalSection
	GlobalSection(ProjectConfigurationPlatforms) = postSolution
		{134A63E9-4398-4155-833F-29AA5E4EEC64}.Debug|Any CPU.ActiveCfg = Debug|Any CPU
		{134A63E9-4398-4155-833F-29AA5E4EEC64}.Debug|Any CPU.Build.0 = Debug|Any CPU
		{134A63E9-4398-4155-833F-29AA5E4EEC64}.Release|Any CPU.ActiveCfg = Release|Any CPU
		{134A63E9-4398-4155-833F-29AA5E4EEC64}.Release|Any CPU.Build.0 = Release|Any CPU
	EndGlobalSection
	GlobalSection(SolutionProperties) = preSolution
		HideSolutionNode = FALSE
	EndGlobalSection
	GlobalSection(ExtensibilityGlobals) = postSolution
		SolutionGuid = {C967174E-5906-4634-B946-73DFCE7C9E33}
	EndGlobalSection
EndGlobal
